{
  "version": 4,
  "terraform_version": "1.11.1",
  "serial": 64,
  "lineage": "698beaa5-9308-edbb-6378-ab07f1b078f9",
  "outputs": {},
  "resources": [
    {
      "mode": "data",
      "type": "aws_availability_zones",
      "name": "available",
      "provider": "provider[\"registry.terraform.io/hashicorp/aws\"]",
      "instances": [
        {
          "schema_version": 0,
          "attributes": {
            "all_availability_zones": null,
            "exclude_names": null,
            "exclude_zone_ids": null,
            "filter": null,
            "group_names": [
              "ap-south-1-zg-1"
            ],
            "id": "ap-south-1",
            "names": [
              "ap-south-1a",
              "ap-south-1b",
              "ap-south-1c"
            ],
            "state": null,
            "timeouts": null,
            "zone_ids": [
              "aps1-az1",
              "aps1-az3",
              "aps1-az2"
            ]
          },
          "sensitive_attributes": []
        }
      ]
    },
    {
      "mode": "data",
      "type": "aws_key_pair",
      "name": "existing_key",
      "provider": "provider[\"registry.terraform.io/hashicorp/aws\"]",
      "instances": []
    },
    {
      "mode": "data",
      "type": "aws_security_group",
      "name": "existing_sg",
      "provider": "provider[\"registry.terraform.io/hashicorp/aws\"]",
      "instances": []
    },
    {
      "mode": "data",
      "type": "aws_subnet",
      "name": "default",
      "provider": "provider[\"registry.terraform.io/hashicorp/aws\"]",
      "instances": [
        {
          "schema_version": 0,
          "attributes": {
            "arn": "arn:aws:ec2:ap-south-1:010438487344:subnet/subnet-042c2bfe718023d9c",
            "assign_ipv6_address_on_creation": false,
            "availability_zone": "ap-south-1a",
            "availability_zone_id": "aps1-az1",
            "available_ip_address_count": 4091,
            "cidr_block": "172.31.32.0/20",
            "customer_owned_ipv4_pool": "",
            "default_for_az": true,
            "enable_dns64": false,
            "enable_lni_at_device_index": 0,
            "enable_resource_name_dns_a_record_on_launch": false,
            "enable_resource_name_dns_aaaa_record_on_launch": false,
            "filter": null,
            "id": "subnet-042c2bfe718023d9c",
            "ipv6_cidr_block": "",
            "ipv6_cidr_block_association_id": "",
            "ipv6_native": false,
            "map_customer_owned_ip_on_launch": false,
            "map_public_ip_on_launch": true,
            "outpost_arn": "",
            "owner_id": "010438487344",
            "private_dns_hostname_type_on_launch": "ip-name",
            "state": "available",
            "tags": {},
            "timeouts": null,
            "vpc_id": "vpc-0a7f38e7fa065457d"
          },
          "sensitive_attributes": []
        }
      ]
    },
    {
      "mode": "data",
      "type": "aws_subnets",
      "name": "default",
      "provider": "provider[\"registry.terraform.io/hashicorp/aws\"]",
      "instances": [
        {
          "schema_version": 0,
          "attributes": {
            "filter": [
              {
                "name": "vpc-id",
                "values": [
                  "vpc-0a7f38e7fa065457d"
                ]
              }
            ],
            "id": "ap-south-1",
            "ids": [
              "subnet-042c2bfe718023d9c",
              "subnet-02a764a42e77fa871",
              "subnet-072304746bb2afac2"
            ],
            "tags": null,
            "timeouts": null
          },
          "sensitive_attributes": []
        }
      ]
    },
    {
      "mode": "data",
      "type": "aws_vpc",
      "name": "default",
      "provider": "provider[\"registry.terraform.io/hashicorp/aws\"]",
      "instances": [
        {
          "schema_version": 0,
          "attributes": {
            "arn": "arn:aws:ec2:ap-south-1:010438487344:vpc/vpc-0a7f38e7fa065457d",
            "cidr_block": "172.31.0.0/16",
            "cidr_block_associations": [
              {
                "association_id": "vpc-cidr-assoc-0ac08b84fe42dff17",
                "cidr_block": "172.31.0.0/16",
                "state": "associated"
              }
            ],
            "default": true,
            "dhcp_options_id": "dopt-022f0cfa52293a9ff",
            "enable_dns_hostnames": true,
            "enable_dns_support": true,
            "enable_network_address_usage_metrics": false,
            "filter": null,
            "id": "vpc-0a7f38e7fa065457d",
            "instance_tenancy": "default",
            "ipv6_association_id": "",
            "ipv6_cidr_block": "",
            "main_route_table_id": "rtb-0acb997df64f95f5e",
            "owner_id": "010438487344",
            "state": null,
            "tags": {},
            "timeouts": null
          },
          "sensitive_attributes": []
        }
      ]
    },
    {
      "mode": "managed",
      "type": "aws_key_pair",
      "name": "default_key",
      "provider": "provider[\"registry.terraform.io/hashicorp/aws\"]",
      "instances": [
        {
          "index_key": 0,
          "schema_version": 1,
          "attributes": {
            "arn": "arn:aws:ec2:ap-south-1:010438487344:key-pair/aws-generated-key",
            "fingerprint": "43:07:e5:91:c0:a6:7b:fc:4c:6c:ab:83:ba:a4:40:d5",
            "id": "aws-generated-key",
            "key_name": "aws-generated-key",
            "key_name_prefix": "",
            "key_pair_id": "key-0269cf124ad965f64",
            "key_type": "rsa",
            "public_key": "ssh-rsa AAAAB3NzaC1yc2EAAAADAQABAAABAQDETdLjxuP/c9TzMX99NorX4sPjfz9X4TdTJueOCa8baA2rpaWc9c9cdjZLadSy9ov4RlMXN7hWrFQFn4eYfO3pdjpMbmitJHgW3+njSJbLpMnYLzozpflY5SZ1NPyV+NiNpjqpbnH6dDOgHfkWAiYhxEoGEOH/QEqZcyY23vRG8lvmwT3TojTrm0szDOLBxlz4mdlUMPZFVh/PfaGoUx0A3dWBad118qrDXpVtcRH+aJ5M4D1Oo7eCXMoU517x9yMnlQwz6f3+puANORo6GwV5keOWTHpjwIZQo5cJX/a2xZ7lbqLCgleae0V7KqcpZeCPPGcI0qVZKT99u2YlUlDr",
            "tags": null,
            "tags_all": {}
          },
          "sensitive_attributes": [],
          "private": "eyJzY2hlbWFfdmVyc2lvbiI6IjEifQ==",
          "dependencies": [
            "tls_private_key.generated_key"
          ]
        }
      ]
    },
    {
      "mode": "managed",
      "type": "aws_security_group",
      "name": "default_sg",
      "provider": "provider[\"registry.terraform.io/hashicorp/aws\"]",
      "instances": [
        {
          "index_key": 0,
          "schema_version": 1,
          "attributes": {
            "arn": "arn:aws:ec2:ap-south-1:010438487344:security-group/sg-07411d0b6cab01232",
            "description": "Default security group for EC2",
            "egress": [],
            "id": "sg-07411d0b6cab01232",
            "ingress": [
              {
                "cidr_blocks": [
                  "0.0.0.0/0"
                ],
                "description": "",
                "from_port": 22,
                "ipv6_cidr_blocks": [],
                "prefix_list_ids": [],
                "protocol": "tcp",
                "security_groups": [],
                "self": false,
                "to_port": 22
              },
              {
                "cidr_blocks": [
                  "0.0.0.0/0"
                ],
                "description": "",
                "from_port": 80,
                "ipv6_cidr_blocks": [],
                "prefix_list_ids": [],
                "protocol": "tcp",
                "security_groups": [],
                "self": false,
                "to_port": 80
              }
            ],
            "name": "default-sg",
            "name_prefix": "",
            "owner_id": "010438487344",
            "revoke_rules_on_delete": false,
            "tags": null,
            "tags_all": {},
            "timeouts": null,
            "vpc_id": "vpc-0a7f38e7fa065457d"
          },
          "sensitive_attributes": [],
          "private": "eyJlMmJmYjczMC1lY2FhLTExZTYtOGY4OC0zNDM2M2JjN2M0YzAiOnsiY3JlYXRlIjo2MDAwMDAwMDAwMDAsImRlbGV0ZSI6OTAwMDAwMDAwMDAwfSwic2NoZW1hX3ZlcnNpb24iOiIxIn0="
        }
      ]
    },
    {
      "mode": "managed",
      "type": "aws_subnet",
      "name": "default_subnet",
      "provider": "provider[\"registry.terraform.io/hashicorp/aws\"]",
      "instances": []
    },
    {
      "mode": "managed",
      "type": "local_file",
      "name": "private_key",
      "provider": "provider[\"registry.terraform.io/hashicorp/local\"]",
      "instances": [
        {
          "index_key": 0,
          "schema_version": 0,
          "attributes": {
            "content": "-----BEGIN RSA PRIVATE KEY-----\nMIIEowIBAAKCAQEAxE3S48bj/3PU8zF/fTaK1+LD438/V+E3UybnjgmvG2gNq6Wl\nnPXPXHY2S2nUsvaL+EZTFze4VqxUBZ+HmHzt6XY6TG5orSR4Ft/p40iWy6TJ2C86\nM6X5WOUmdTT8lfjYjaY6qW5x+nQzoB35FgImIcRKBhDh/0BKmXMmNt70RvJb5sE9\n06I065tLMwziwcZc+JnZVDD2RVYfz32hqFMdAN3VgWnddfKqw16VbXER/mieTOA9\nTqO3glzKFOde8fcjJ5UMM+n9/qbgDTkaOhsFeZHjlkx6Y8CGUKOXCV/2tsWe5W6i\nwoJXmntFeyqnKWXgjzxnCNKlWSk/fbtmJVJQ6wIDAQABAoIBACRtEIIFyQ8A7nYG\nLFMOyOrQgGr5lMZ42yxJ3tPjhiO+xjKgtT+P+V997AtIYximWUjDu+1mAIXMynaU\nqLOqEvesYZsHLdNbHhGYkS0Erj6xoGbGNLWayc8uDlnXcDtgBscaHm6MOQgxgdbn\nWO41jd/cLaQ8g8M6qd0ZmfC6pHd5dFEDWsTu+DvZo7/WeHJr/jxEyJgDTK9TG4D4\nxQyxYhShjkhCGwBmmK2c7u/s74CI5ZWVR0816hIAgD6Mdic8mEnGirEaK3pAPAS4\nWffEr/uvdrbmo+fMEm5rOWkGTplDP5BslHko7Z+MJKuZ0x0eK3FZmu/5SOQ1FdLl\nmcPAlJECgYEA3HetkiBo77siwAU0mXyfQfqDJGnDFjDN0yq5cLebq2OVXvMnnhqx\n+A4itX5FWJoLkBlh0rkyb/QJo5t9NyWEniUxWfYRv9U9sR0wnopndiWvJis35xy2\nHDHpWgI+GtCWOtDSK02JtIuq51O4dD1UslpeJX0nebaLOTJdRfXb21MCgYEA4/Et\npu/AI85wgrpFUunorPmavaf5R956Y2tFRlxBqzWYDvJz8XUcmBhe6bRxA8apraFs\nrDXNtUZnJLnbkBy4QAnt4rVPvJBFiduAL2U1o3yRU+Hnva+Udiabl4U7rOFo59hR\ngawNkOxLncEWEKxsnSJCGCsafY4SdNqm+A4RmQkCgYAu4mCOD8hhGunT7gd2kJMJ\no+2Zo8gyAuTygEZ5WwKG2yGb1JfbPpAUUWU+NYEny3KkDVHJT0sTldEq8tkZDih6\nvSwWlobFxeJdtPhu7r372R27PzufMXLk4hRe6NUuPKeGEHxxawba10zb7ujuB1Do\nsOEOleP8NT68RiKhyxwbMwKBgQC5viJRUjTj+Kk+HcO32Nu9eHhb67D6m5Rnx1Xg\nC/WHKlkKdQ99xszSM6nED0G4rf4+ergvbHiAKyqJhtogCQcrR+wNPWoIYhgISlGe\nTX70BeH21LMeoyD7VmKbifoi2lu98UwZurYjTiogFuOAGsE3Gl95ikY/4bGwfyxo\nHi7A4QKBgCXERa2+MBKTdFol9/4L8pUFHGem8Bhe/s5DhQuKKCa3KlMjQeKAjuKH\nyCMv6NQqq8kKWUNHHBxY+TlR6cRC2vwTLA1GdW+N4H3sHGXTeQaGbASJWdie9d5T\ntia9pM1GwbYrHDAWrYxvy8pneGf8NE96vUWaSYY0YaSsWzj872eW\n-----END RSA PRIVATE KEY-----\n",
            "content_base64": null,
            "content_base64sha256": "PtbyIJfCKzIkUEQ5Huwn2jdFvcxbM6SyNOJj4TWu/G8=",
            "content_base64sha512": "LUl20O1MarrL8CsqhmDmjHc6Xi+1QlwIeKdm0ErreCKLDWNjkIax/M8xjZC1On0OQDZszbbGYzCxFjBXQfOUpw==",
            "content_md5": "2097fd812ab67afd23be4a57ebf87809",
            "content_sha1": "5972de2dfea69000c1a9b816cb27f6ab3336eec2",
            "content_sha256": "3ed6f22097c22b32245044391eec27da3745bdcc5b33a4b234e263e135aefc6f",
            "content_sha512": "2d4976d0ed4c6abacbf02b2a8660e68c773a5e2fb5425c0878a766d04aeb78228b0d63639086b1fccf318d90b53a7d0e40366ccdb6c66330b116305741f394a7",
            "directory_permission": "0777",
            "file_permission": "0777",
            "filename": "./aws-key.pem",
            "id": "5972de2dfea69000c1a9b816cb27f6ab3336eec2",
            "sensitive_content": null,
            "source": null
          },
          "sensitive_attributes": [
            [
              {
                "type": "get_attr",
                "value": "sensitive_content"
              }
            ],
            [
              {
                "type": "get_attr",
                "value": "content"
              }
            ]
          ],
          "dependencies": [
            "tls_private_key.generated_key"
          ]
        }
      ]
    },
    {
      "mode": "managed",
      "type": "tls_private_key",
      "name": "generated_key",
      "provider": "provider[\"registry.terraform.io/hashicorp/tls\"]",
      "instances": [
        {
          "index_key": 0,
          "schema_version": 1,
          "attributes": {
            "algorithm": "RSA",
            "ecdsa_curve": "P224",
            "id": "5b300ff7e171bf578e9bcafb2ce9ea995e94190c",
            "private_key_openssh": "-----BEGIN OPENSSH PRIVATE KEY-----\nb3BlbnNzaC1rZXktdjEAAAAABG5vbmUAAAAEbm9uZQAAAAAAAAABAAABFwAAAAdz\nc2gtcnNhAAAAAwEAAQAAAQEAxE3S48bj/3PU8zF/fTaK1+LD438/V+E3Uybnjgmv\nG2gNq6WlnPXPXHY2S2nUsvaL+EZTFze4VqxUBZ+HmHzt6XY6TG5orSR4Ft/p40iW\ny6TJ2C86M6X5WOUmdTT8lfjYjaY6qW5x+nQzoB35FgImIcRKBhDh/0BKmXMmNt70\nRvJb5sE906I065tLMwziwcZc+JnZVDD2RVYfz32hqFMdAN3VgWnddfKqw16VbXER\n/mieTOA9TqO3glzKFOde8fcjJ5UMM+n9/qbgDTkaOhsFeZHjlkx6Y8CGUKOXCV/2\ntsWe5W6iwoJXmntFeyqnKWXgjzxnCNKlWSk/fbtmJVJQ6wAAA7gx1Cm/MdQpvwAA\nAAdzc2gtcnNhAAABAQDETdLjxuP/c9TzMX99NorX4sPjfz9X4TdTJueOCa8baA2r\npaWc9c9cdjZLadSy9ov4RlMXN7hWrFQFn4eYfO3pdjpMbmitJHgW3+njSJbLpMnY\nLzozpflY5SZ1NPyV+NiNpjqpbnH6dDOgHfkWAiYhxEoGEOH/QEqZcyY23vRG8lvm\nwT3TojTrm0szDOLBxlz4mdlUMPZFVh/PfaGoUx0A3dWBad118qrDXpVtcRH+aJ5M\n4D1Oo7eCXMoU517x9yMnlQwz6f3+puANORo6GwV5keOWTHpjwIZQo5cJX/a2xZ7l\nbqLCgleae0V7KqcpZeCPPGcI0qVZKT99u2YlUlDrAAAAAwEAAQAAAQAkbRCCBckP\nAO52BixTDsjq0IBq+ZTGeNssSd7T44YjvsYyoLU/j/lffewLSGMYpllIw7vtZgCF\nzMp2lKizqhL3rGGbBy3TWx4RmJEtBK4+saBmxjS1msnPLg5Z13A7YAbHGh5ujDkI\nMYHW51juNY3f3C2kPIPDOqndGZnwuqR3eXRRA1rE7vg72aO/1nhya/48RMiYA0yv\nUxuA+MUMsWIUoY5IQhsAZpitnO7v7O+AiOWVlUdPNeoSAIA+jHYnPJhJxoqxGit6\nQDwEuFn3xK/7r3a25qPnzBJuazlpBk6ZQz+QbJR5KO2fjCSrmdMdHitxWZrv+Ujk\nNRXS5ZnDwJSRAAAAgCXERa2+MBKTdFol9/4L8pUFHGem8Bhe/s5DhQuKKCa3KlMj\nQeKAjuKHyCMv6NQqq8kKWUNHHBxY+TlR6cRC2vwTLA1GdW+N4H3sHGXTeQaGbASJ\nWdie9d5Ttia9pM1GwbYrHDAWrYxvy8pneGf8NE96vUWaSYY0YaSsWzj872eWAAAA\ngQDcd62SIGjvuyLABTSZfJ9B+oMkacMWMM3TKrlwt5urY5Ve8yeeGrH4DiK1fkVY\nmguQGWHSuTJv9Amjm303JYSeJTFZ9hG/1T2xHTCeimd2Ja8mKzfnHLYcMelaAj4a\n0JY60NIrTYm0i6rnU7h0PVSyWl4lfSd5tos5Ml1F9dvbUwAAAIEA4/Etpu/AI85w\ngrpFUunorPmavaf5R956Y2tFRlxBqzWYDvJz8XUcmBhe6bRxA8apraFsrDXNtUZn\nJLnbkBy4QAnt4rVPvJBFiduAL2U1o3yRU+Hnva+Udiabl4U7rOFo59hRgawNkOxL\nncEWEKxsnSJCGCsafY4SdNqm+A4RmQkAAAAAAQID\n-----END OPENSSH PRIVATE KEY-----\n",
            "private_key_pem": "-----BEGIN RSA PRIVATE KEY-----\nMIIEowIBAAKCAQEAxE3S48bj/3PU8zF/fTaK1+LD438/V+E3UybnjgmvG2gNq6Wl\nnPXPXHY2S2nUsvaL+EZTFze4VqxUBZ+HmHzt6XY6TG5orSR4Ft/p40iWy6TJ2C86\nM6X5WOUmdTT8lfjYjaY6qW5x+nQzoB35FgImIcRKBhDh/0BKmXMmNt70RvJb5sE9\n06I065tLMwziwcZc+JnZVDD2RVYfz32hqFMdAN3VgWnddfKqw16VbXER/mieTOA9\nTqO3glzKFOde8fcjJ5UMM+n9/qbgDTkaOhsFeZHjlkx6Y8CGUKOXCV/2tsWe5W6i\nwoJXmntFeyqnKWXgjzxnCNKlWSk/fbtmJVJQ6wIDAQABAoIBACRtEIIFyQ8A7nYG\nLFMOyOrQgGr5lMZ42yxJ3tPjhiO+xjKgtT+P+V997AtIYximWUjDu+1mAIXMynaU\nqLOqEvesYZsHLdNbHhGYkS0Erj6xoGbGNLWayc8uDlnXcDtgBscaHm6MOQgxgdbn\nWO41jd/cLaQ8g8M6qd0ZmfC6pHd5dFEDWsTu+DvZo7/WeHJr/jxEyJgDTK9TG4D4\nxQyxYhShjkhCGwBmmK2c7u/s74CI5ZWVR0816hIAgD6Mdic8mEnGirEaK3pAPAS4\nWffEr/uvdrbmo+fMEm5rOWkGTplDP5BslHko7Z+MJKuZ0x0eK3FZmu/5SOQ1FdLl\nmcPAlJECgYEA3HetkiBo77siwAU0mXyfQfqDJGnDFjDN0yq5cLebq2OVXvMnnhqx\n+A4itX5FWJoLkBlh0rkyb/QJo5t9NyWEniUxWfYRv9U9sR0wnopndiWvJis35xy2\nHDHpWgI+GtCWOtDSK02JtIuq51O4dD1UslpeJX0nebaLOTJdRfXb21MCgYEA4/Et\npu/AI85wgrpFUunorPmavaf5R956Y2tFRlxBqzWYDvJz8XUcmBhe6bRxA8apraFs\nrDXNtUZnJLnbkBy4QAnt4rVPvJBFiduAL2U1o3yRU+Hnva+Udiabl4U7rOFo59hR\ngawNkOxLncEWEKxsnSJCGCsafY4SdNqm+A4RmQkCgYAu4mCOD8hhGunT7gd2kJMJ\no+2Zo8gyAuTygEZ5WwKG2yGb1JfbPpAUUWU+NYEny3KkDVHJT0sTldEq8tkZDih6\nvSwWlobFxeJdtPhu7r372R27PzufMXLk4hRe6NUuPKeGEHxxawba10zb7ujuB1Do\nsOEOleP8NT68RiKhyxwbMwKBgQC5viJRUjTj+Kk+HcO32Nu9eHhb67D6m5Rnx1Xg\nC/WHKlkKdQ99xszSM6nED0G4rf4+ergvbHiAKyqJhtogCQcrR+wNPWoIYhgISlGe\nTX70BeH21LMeoyD7VmKbifoi2lu98UwZurYjTiogFuOAGsE3Gl95ikY/4bGwfyxo\nHi7A4QKBgCXERa2+MBKTdFol9/4L8pUFHGem8Bhe/s5DhQuKKCa3KlMjQeKAjuKH\nyCMv6NQqq8kKWUNHHBxY+TlR6cRC2vwTLA1GdW+N4H3sHGXTeQaGbASJWdie9d5T\ntia9pM1GwbYrHDAWrYxvy8pneGf8NE96vUWaSYY0YaSsWzj872eW\n-----END RSA PRIVATE KEY-----\n",
            "private_key_pem_pkcs8": "-----BEGIN PRIVATE KEY-----\nMIIEvQIBADANBgkqhkiG9w0BAQEFAASCBKcwggSjAgEAAoIBAQDETdLjxuP/c9Tz\nMX99NorX4sPjfz9X4TdTJueOCa8baA2rpaWc9c9cdjZLadSy9ov4RlMXN7hWrFQF\nn4eYfO3pdjpMbmitJHgW3+njSJbLpMnYLzozpflY5SZ1NPyV+NiNpjqpbnH6dDOg\nHfkWAiYhxEoGEOH/QEqZcyY23vRG8lvmwT3TojTrm0szDOLBxlz4mdlUMPZFVh/P\nfaGoUx0A3dWBad118qrDXpVtcRH+aJ5M4D1Oo7eCXMoU517x9yMnlQwz6f3+puAN\nORo6GwV5keOWTHpjwIZQo5cJX/a2xZ7lbqLCgleae0V7KqcpZeCPPGcI0qVZKT99\nu2YlUlDrAgMBAAECggEAJG0QggXJDwDudgYsUw7I6tCAavmUxnjbLEne0+OGI77G\nMqC1P4/5X33sC0hjGKZZSMO77WYAhczKdpSos6oS96xhmwct01seEZiRLQSuPrGg\nZsY0tZrJzy4OWddwO2AGxxoebow5CDGB1udY7jWN39wtpDyDwzqp3RmZ8Lqkd3l0\nUQNaxO74O9mjv9Z4cmv+PETImANMr1MbgPjFDLFiFKGOSEIbAGaYrZzu7+zvgIjl\nlZVHTzXqEgCAPox2JzyYScaKsRorekA8BLhZ98Sv+692tuaj58wSbms5aQZOmUM/\nkGyUeSjtn4wkq5nTHR4rcVma7/lI5DUV0uWZw8CUkQKBgQDcd62SIGjvuyLABTSZ\nfJ9B+oMkacMWMM3TKrlwt5urY5Ve8yeeGrH4DiK1fkVYmguQGWHSuTJv9Amjm303\nJYSeJTFZ9hG/1T2xHTCeimd2Ja8mKzfnHLYcMelaAj4a0JY60NIrTYm0i6rnU7h0\nPVSyWl4lfSd5tos5Ml1F9dvbUwKBgQDj8S2m78AjznCCukVS6eis+Zq9p/lH3npj\na0VGXEGrNZgO8nPxdRyYGF7ptHEDxqmtoWysNc21RmckuduQHLhACe3itU+8kEWJ\n24AvZTWjfJFT4ee9r5R2JpuXhTus4Wjn2FGBrA2Q7EudwRYQrGydIkIYKxp9jhJ0\n2qb4DhGZCQKBgC7iYI4PyGEa6dPuB3aQkwmj7ZmjyDIC5PKARnlbAobbIZvUl9s+\nkBRRZT41gSfLcqQNUclPSxOV0Sry2RkOKHq9LBaWhsXF4l20+G7uvfvZHbs/O58x\ncuTiFF7o1S48p4YQfHFrBtrXTNvu6O4HUOiw4Q6V4/w1PrxGIqHLHBszAoGBALm+\nIlFSNOP4qT4dw7fY2714eFvrsPqblGfHVeAL9YcqWQp1D33GzNIzqcQPQbit/j56\nuC9seIArKomG2iAJBytH7A09aghiGAhKUZ5NfvQF4fbUsx6jIPtWYpuJ+iLaW73x\nTBm6tiNOKiAW44AawTcaX3mKRj/hsbB/LGgeLsDhAoGAJcRFrb4wEpN0WiX3/gvy\nlQUcZ6bwGF7+zkOFC4ooJrcqUyNB4oCO4ofIIy/o1CqryQpZQ0ccHFj5OVHpxELa\n/BMsDUZ1b43gfewcZdN5BoZsBIlZ2J713lO2Jr2kzUbBtiscMBatjG/Lymd4Z/w0\nT3q9RZpJhjRhpKxbOPzvZ5Y=\n-----END PRIVATE KEY-----\n",
            "public_key_fingerprint_md5": "49:2e:c0:5f:ed:e7:a2:50:01:1c:8d:ea:77:d5:0a:52",
            "public_key_fingerprint_sha256": "SHA256:PDlPtFfj3Kw8cqSaERLcRJy68jAB6MKp28oaWhOH730",
            "public_key_openssh": "ssh-rsa AAAAB3NzaC1yc2EAAAADAQABAAABAQDETdLjxuP/c9TzMX99NorX4sPjfz9X4TdTJueOCa8baA2rpaWc9c9cdjZLadSy9ov4RlMXN7hWrFQFn4eYfO3pdjpMbmitJHgW3+njSJbLpMnYLzozpflY5SZ1NPyV+NiNpjqpbnH6dDOgHfkWAiYhxEoGEOH/QEqZcyY23vRG8lvmwT3TojTrm0szDOLBxlz4mdlUMPZFVh/PfaGoUx0A3dWBad118qrDXpVtcRH+aJ5M4D1Oo7eCXMoU517x9yMnlQwz6f3+puANORo6GwV5keOWTHpjwIZQo5cJX/a2xZ7lbqLCgleae0V7KqcpZeCPPGcI0qVZKT99u2YlUlDr\n",
            "public_key_pem": "-----BEGIN PUBLIC KEY-----\nMIIBIjANBgkqhkiG9w0BAQEFAAOCAQ8AMIIBCgKCAQEAxE3S48bj/3PU8zF/fTaK\n1+LD438/V+E3UybnjgmvG2gNq6WlnPXPXHY2S2nUsvaL+EZTFze4VqxUBZ+HmHzt\n6XY6TG5orSR4Ft/p40iWy6TJ2C86M6X5WOUmdTT8lfjYjaY6qW5x+nQzoB35FgIm\nIcRKBhDh/0BKmXMmNt70RvJb5sE906I065tLMwziwcZc+JnZVDD2RVYfz32hqFMd\nAN3VgWnddfKqw16VbXER/mieTOA9TqO3glzKFOde8fcjJ5UMM+n9/qbgDTkaOhsF\neZHjlkx6Y8CGUKOXCV/2tsWe5W6iwoJXmntFeyqnKWXgjzxnCNKlWSk/fbtmJVJQ\n6wIDAQAB\n-----END PUBLIC KEY-----\n",
            "rsa_bits": 2048
          },
          "sensitive_attributes": [
            [
              {
                "type": "get_attr",
                "value": "private_key_openssh"
              }
            ],
            [
              {
                "type": "get_attr",
                "value": "private_key_pem"
              }
            ],
            [
              {
                "type": "get_attr",
                "value": "private_key_pem_pkcs8"
              }
            ]
          ]
        }
      ]
    }
  ],
  "check_results": null
}
